{
  "nodes": {
    "home-manager": {
      "inputs": {
        "nixpkgs": [
          "nixpkgs"
        ]
      },
      "locked": {
        "lastModified": 1691856649,
        "narHash": "sha256-1/KYCwNyOPpUoyno9Yj3zMHITQaW+wPzVlJFPOPPCo4=",
        "owner": "nix-community",
        "repo": "home-manager",
        "rev": "406d34d919e9e8b831b531782cf5ef6995188566",
        "type": "github"
      },
      "original": {
        "owner": "nix-community",
        "repo": "home-manager",
        "type": "github"
      }
    },
    "nixpkgs": {
      "locked": {
        "lastModified": 1691853136,
        "narHash": "sha256-wTzDsRV4HN8A2Sl0SVQY0q8ILs90CD43Ha//7gNZE+E=",
        "owner": "NixOS",
        "repo": "nixpkgs",
        "rev": "f0451844bbdf545f696f029d1448de4906c7f753",
        "type": "github"
      },
      "original": {
        "owner": "NixOS",
        "ref": "nixpkgs-unstable",
        "repo": "nixpkgs",
        "type": "github"
      }
    },
    "root": {
      "inputs": {
        "home-manager": "home-manager",
        "nixpkgs": "nixpkgs"
      }
    }
  },
  "root": "root",
  "version": 7
}
